// !$*UTF8*$!
{
	archiveVersion = 1;
	classes = {
	};
	objectVersion = 56;
	objects = {

/* Begin PBXBuildFile section */
		005E11C12937A1E8009ADFEF /* AppDelegate.swift in Sources */ = {isa = PBXBuildFile; fileRef = 005E11C02937A1E8009ADFEF /* AppDelegate.swift */; };
		005E11C32937A1E8009ADFEF /* SceneDelegate.swift in Sources */ = {isa = PBXBuildFile; fileRef = 005E11C22937A1E8009ADFEF /* SceneDelegate.swift */; };
		005E11C52937A1E8009ADFEF /* WatchListViewController.swift in Sources */ = {isa = PBXBuildFile; fileRef = 005E11C42937A1E8009ADFEF /* WatchListViewController.swift */; };
		005E11CA2937A1EA009ADFEF /* Assets.xcassets in Resources */ = {isa = PBXBuildFile; fileRef = 005E11C92937A1EA009ADFEF /* Assets.xcassets */; };
		005E11CD2937A1EA009ADFEF /* LaunchScreen.storyboard in Resources */ = {isa = PBXBuildFile; fileRef = 005E11CB2937A1EA009ADFEF /* LaunchScreen.storyboard */; };
		005E11DB2937A661009ADFEF /* TopStoriesNewsViewController.swift in Sources */ = {isa = PBXBuildFile; fileRef = 005E11DA2937A661009ADFEF /* TopStoriesNewsViewController.swift */; };
		005E11DD2937A67F009ADFEF /* SearchResultsViewController.swift in Sources */ = {isa = PBXBuildFile; fileRef = 005E11DC2937A67F009ADFEF /* SearchResultsViewController.swift */; };
		005E11DF2937A691009ADFEF /* StockDetailsViewController.swift in Sources */ = {isa = PBXBuildFile; fileRef = 005E11DE2937A691009ADFEF /* StockDetailsViewController.swift */; };
		005E11E12937A8FD009ADFEF /* APIManager.swift in Sources */ = {isa = PBXBuildFile; fileRef = 005E11E02937A8FD009ADFEF /* APIManager.swift */; };
		005E11E32937A915009ADFEF /* PersistanceManager.swift in Sources */ = {isa = PBXBuildFile; fileRef = 005E11E22937A915009ADFEF /* PersistanceManager.swift */; };
		005E11E52937A923009ADFEF /* HapticsManager.swift in Sources */ = {isa = PBXBuildFile; fileRef = 005E11E42937A923009ADFEF /* HapticsManager.swift */; };
		005E11E82937BE4A009ADFEF /* Extensions.swift in Sources */ = {isa = PBXBuildFile; fileRef = 005E11E72937BE4A009ADFEF /* Extensions.swift */; };
/* End PBXBuildFile section */

/* Begin PBXFileReference section */
		005E11BD2937A1E8009ADFEF /* Stock.app */ = {isa = PBXFileReference; explicitFileType = wrapper.application; includeInIndex = 0; path = Stock.app; sourceTree = BUILT_PRODUCTS_DIR; };
		005E11C02937A1E8009ADFEF /* AppDelegate.swift */ = {isa = PBXFileReference; lastKnownFileType = sourcecode.swift; path = AppDelegate.swift; sourceTree = "<group>"; };
		005E11C22937A1E8009ADFEF /* SceneDelegate.swift */ = {isa = PBXFileReference; lastKnownFileType = sourcecode.swift; path = SceneDelegate.swift; sourceTree = "<group>"; };
		005E11C42937A1E8009ADFEF /* WatchListViewController.swift */ = {isa = PBXFileReference; lastKnownFileType = sourcecode.swift; path = WatchListViewController.swift; sourceTree = "<group>"; };
		005E11C92937A1EA009ADFEF /* Assets.xcassets */ = {isa = PBXFileReference; lastKnownFileType = folder.assetcatalog; path = Assets.xcassets; sourceTree = "<group>"; };
		005E11CC2937A1EA009ADFEF /* Base */ = {isa = PBXFileReference; lastKnownFileType = file.storyboard; name = Base; path = Base.lproj/LaunchScreen.storyboard; sourceTree = "<group>"; };
		005E11CE2937A1EA009ADFEF /* Info.plist */ = {isa = PBXFileReference; lastKnownFileType = text.plist.xml; path = Info.plist; sourceTree = "<group>"; };
		005E11DA2937A661009ADFEF /* TopStoriesNewsViewController.swift */ = {isa = PBXFileReference; lastKnownFileType = sourcecode.swift; path = TopStoriesNewsViewController.swift; sourceTree = "<group>"; };
		005E11DC2937A67F009ADFEF /* SearchResultsViewController.swift */ = {isa = PBXFileReference; lastKnownFileType = sourcecode.swift; path = SearchResultsViewController.swift; sourceTree = "<group>"; };
		005E11DE2937A691009ADFEF /* StockDetailsViewController.swift */ = {isa = PBXFileReference; lastKnownFileType = sourcecode.swift; path = StockDetailsViewController.swift; sourceTree = "<group>"; };
		005E11E02937A8FD009ADFEF /* APIManager.swift */ = {isa = PBXFileReference; lastKnownFileType = sourcecode.swift; path = APIManager.swift; sourceTree = "<group>"; };
		005E11E22937A915009ADFEF /* PersistanceManager.swift */ = {isa = PBXFileReference; lastKnownFileType = sourcecode.swift; path = PersistanceManager.swift; sourceTree = "<group>"; };
		005E11E42937A923009ADFEF /* HapticsManager.swift */ = {isa = PBXFileReference; lastKnownFileType = sourcecode.swift; path = HapticsManager.swift; sourceTree = "<group>"; };
		005E11E72937BE4A009ADFEF /* Extensions.swift */ = {isa = PBXFileReference; lastKnownFileType = sourcecode.swift; path = Extensions.swift; sourceTree = "<group>"; };
/* End PBXFileReference section */

/* Begin PBXFrameworksBuildPhase section */
		005E11BA2937A1E8009ADFEF /* Frameworks */ = {
			isa = PBXFrameworksBuildPhase;
			buildActionMask = 2147483647;
			files = (
			);
			runOnlyForDeploymentPostprocessing = 0;
		};
/* End PBXFrameworksBuildPhase section */

/* Begin PBXGroup section */
		005E11B42937A1E8009ADFEF = {
			isa = PBXGroup;
			children = (
				005E11BF2937A1E8009ADFEF /* Stock */,
				005E11BE2937A1E8009ADFEF /* Products */,
			);
			sourceTree = "<group>";
		};
		005E11BE2937A1E8009ADFEF /* Products */ = {
			isa = PBXGroup;
			children = (
				005E11BD2937A1E8009ADFEF /* Stock.app */,
			);
			name = Products;
			sourceTree = "<group>";
		};
		005E11BF2937A1E8009ADFEF /* Stock */ = {
			isa = PBXGroup;
			children = (
				005E11D52937A424009ADFEF /* Model */,
				005E11D82937A45C009ADFEF /* Views */,
				005E11D92937A465009ADFEF /* Controllers */,
				005E11D72937A454009ADFEF /* Managers */,
				005E11E62937BE38009ADFEF /* Utilities */,
				005E11D62937A44C009ADFEF /* System */,
			);
			path = Stock;
			sourceTree = "<group>";
		};
		005E11D52937A424009ADFEF /* Model */ = {
			isa = PBXGroup;
			children = (
			);
			path = Model;
			sourceTree = "<group>";
		};
		005E11D62937A44C009ADFEF /* System */ = {
			isa = PBXGroup;
			children = (
				005E11C02937A1E8009ADFEF /* AppDelegate.swift */,
				005E11C22937A1E8009ADFEF /* SceneDelegate.swift */,
				005E11C92937A1EA009ADFEF /* Assets.xcassets */,
				005E11CE2937A1EA009ADFEF /* Info.plist */,
			);
			path = System;
			sourceTree = "<group>";
		};
		005E11D72937A454009ADFEF /* Managers */ = {
			isa = PBXGroup;
			children = (
				005E11E02937A8FD009ADFEF /* APIManager.swift */,
				005E11E22937A915009ADFEF /* PersistanceManager.swift */,
				005E11E42937A923009ADFEF /* HapticsManager.swift */,
			);
			path = Managers;
			sourceTree = "<group>";
		};
		005E11D82937A45C009ADFEF /* Views */ = {
			isa = PBXGroup;
			children = (
				005E11CB2937A1EA009ADFEF /* LaunchScreen.storyboard */,
			);
			path = Views;
			sourceTree = "<group>";
		};
		005E11D92937A465009ADFEF /* Controllers */ = {
			isa = PBXGroup;
			children = (
				005E11C42937A1E8009ADFEF /* WatchListViewController.swift */,
				005E11DA2937A661009ADFEF /* TopStoriesNewsViewController.swift */,
				005E11DC2937A67F009ADFEF /* SearchResultsViewController.swift */,
				005E11DE2937A691009ADFEF /* StockDetailsViewController.swift */,
			);
			path = Controllers;
			sourceTree = "<group>";
		};
		005E11E62937BE38009ADFEF /* Utilities */ = {
			isa = PBXGroup;
			children = (
				005E11E72937BE4A009ADFEF /* Extensions.swift */,
			);
			path = Utilities;
			sourceTree = "<group>";
		};
/* End PBXGroup section */

/* Begin PBXNativeTarget section */
		005E11BC2937A1E8009ADFEF /* Stock */ = {
			isa = PBXNativeTarget;
			buildConfigurationList = 005E11D12937A1EA009ADFEF /* Build configuration list for PBXNativeTarget "Stock" */;
			buildPhases = (
				005E11D42937A32B009ADFEF /* SwiftLint */,
				005E11B92937A1E8009ADFEF /* Sources */,
				005E11BA2937A1E8009ADFEF /* Frameworks */,
				005E11BB2937A1E8009ADFEF /* Resources */,
			);
			buildRules = (
			);
			dependencies = (
			);
			name = Stock;
			productName = Stock;
			productReference = 005E11BD2937A1E8009ADFEF /* Stock.app */;
			productType = "com.apple.product-type.application";
		};
/* End PBXNativeTarget section */

/* Begin PBXProject section */
		005E11B52937A1E8009ADFEF /* Project object */ = {
			isa = PBXProject;
			attributes = {
				BuildIndependentTargetsInParallel = 1;
				LastSwiftUpdateCheck = 1410;
				LastUpgradeCheck = 1410;
				TargetAttributes = {
					005E11BC2937A1E8009ADFEF = {
						CreatedOnToolsVersion = 14.1;
					};
				};
			};
			buildConfigurationList = 005E11B82937A1E8009ADFEF /* Build configuration list for PBXProject "Stock" */;
			compatibilityVersion = "Xcode 14.0";
			developmentRegion = en;
			hasScannedForEncodings = 0;
			knownRegions = (
				en,
				Base,
			);
			mainGroup = 005E11B42937A1E8009ADFEF;
			productRefGroup = 005E11BE2937A1E8009ADFEF /* Products */;
			projectDirPath = "";
			projectRoot = "";
			targets = (
				005E11BC2937A1E8009ADFEF /* Stock */,
			);
		};
/* End PBXProject section */

/* Begin PBXResourcesBuildPhase section */
		005E11BB2937A1E8009ADFEF /* Resources */ = {
			isa = PBXResourcesBuildPhase;
			buildActionMask = 2147483647;
			files = (
				005E11CD2937A1EA009ADFEF /* LaunchScreen.storyboard in Resources */,
				005E11CA2937A1EA009ADFEF /* Assets.xcassets in Resources */,
			);
			runOnlyForDeploymentPostprocessing = 0;
		};
/* End PBXResourcesBuildPhase section */

/* Begin PBXShellScriptBuildPhase section */
		005E11D42937A32B009ADFEF /* SwiftLint */ = {
			isa = PBXShellScriptBuildPhase;
			alwaysOutOfDate = 1;
			buildActionMask = 2147483647;
			files = (
			);
			inputFileListPaths = (
			);
			inputPaths = (
			);
			name = SwiftLint;
			outputFileListPaths = (
			);
			outputPaths = (
			);
			runOnlyForDeploymentPostprocessing = 0;
			shellPath = /bin/sh;
			shellScript = "if which swiftlint >/dev/null; then\n  swiftlint\nelse\n  echo \"warning: SwiftLint not installed, download from https://github.com/realm/SwiftLint\"\nfi\n";
		};
/* End PBXShellScriptBuildPhase section */

/* Begin PBXSourcesBuildPhase section */
		005E11B92937A1E8009ADFEF /* Sources */ = {
			isa = PBXSourcesBuildPhase;
			buildActionMask = 2147483647;
			files = (
				005E11E52937A923009ADFEF /* HapticsManager.swift in Sources */,
				005E11DF2937A691009ADFEF /* StockDetailsViewController.swift in Sources */,
				005E11C52937A1E8009ADFEF /* WatchListViewController.swift in Sources */,
				005E11DB2937A661009ADFEF /* TopStoriesNewsViewController.swift in Sources */,
				005E11C12937A1E8009ADFEF /* AppDelegate.swift in Sources */,
				005E11E82937BE4A009ADFEF /* Extensions.swift in Sources */,
				005E11C32937A1E8009ADFEF /* SceneDelegate.swift in Sources */,
				005E11DD2937A67F009ADFEF /* SearchResultsViewController.swift in Sources */,
				005E11E12937A8FD009ADFEF /* APIManager.swift in Sources */,
				005E11E32937A915009ADFEF /* PersistanceManager.swift in Sources */,
			);
			runOnlyForDeploymentPostprocessing = 0;
		};
/* End PBXSourcesBuildPhase section */

/* Begin PBXVariantGroup section */
		005E11CB2937A1EA009ADFEF /* LaunchScreen.storyboard */ = {
			isa = PBXVariantGroup;
			children = (
				005E11CC2937A1EA009ADFEF /* Base */,
			);
			name = LaunchScreen.storyboard;
			sourceTree = "<group>";
		};
/* End PBXVariantGroup section */

/* Begin XCBuildConfiguration section */
		005E11CF2937A1EA009ADFEF /* Debug */ = {
			isa = XCBuildConfiguration;
			buildSettings = {
				ALWAYS_SEARCH_USER_PATHS = NO;
				CLANG_ANALYZER_NONNULL = YES;
				CLANG_ANALYZER_NUMBER_OBJECT_CONVERSION = YES_AGGRESSIVE;
				CLANG_CXX_LANGUAGE_STANDARD = "gnu++20";
				CLANG_ENABLE_MODULES = YES;
				CLANG_ENABLE_OBJC_ARC = YES;
				CLANG_ENABLE_OBJC_WEAK = YES;
				CLANG_WARN_BLOCK_CAPTURE_AUTORELEASING = YES;
				CLANG_WARN_BOOL_CONVERSION = YES;
				CLANG_WARN_COMMA = YES;
				CLANG_WARN_CONSTANT_CONVERSION = YES;
				CLANG_WARN_DEPRECATED_OBJC_IMPLEMENTATIONS = YES;
				CLANG_WARN_DIRECT_OBJC_ISA_USAGE = YES_ERROR;
				CLANG_WARN_DOCUMENTATION_COMMENTS = YES;
				CLANG_WARN_EMPTY_BODY = YES;
				CLANG_WARN_ENUM_CONVERSION = YES;
				CLANG_WARN_INFINITE_RECURSION = YES;
				CLANG_WARN_INT_CONVERSION = YES;
				CLANG_WARN_NON_LITERAL_NULL_CONVERSION = YES;
				CLANG_WARN_OBJC_IMPLICIT_RETAIN_SELF = YES;
				CLANG_WARN_OBJC_LITERAL_CONVERSION = YES;
				CLANG_WARN_OBJC_ROOT_CLASS = YES_ERROR;
				CLANG_WARN_QUOTED_INCLUDE_IN_FRAMEWORK_HEADER = YES;
				CLANG_WARN_RANGE_LOOP_ANALYSIS = YES;
				CLANG_WARN_STRICT_PROTOTYPES = YES;
				CLANG_WARN_SUSPICIOUS_MOVE = YES;
				CLANG_WARN_UNGUARDED_AVAILABILITY = YES_AGGRESSIVE;
				CLANG_WARN_UNREACHABLE_CODE = YES;
				CLANG_WARN__DUPLICATE_METHOD_MATCH = YES;
				COPY_PHASE_STRIP = NO;
				DEBUG_INFORMATION_FORMAT = dwarf;
				ENABLE_STRICT_OBJC_MSGSEND = YES;
				ENABLE_TESTABILITY = YES;
				GCC_C_LANGUAGE_STANDARD = gnu11;
				GCC_DYNAMIC_NO_PIC = NO;
				GCC_NO_COMMON_BLOCKS = YES;
				GCC_OPTIMIZATION_LEVEL = 0;
				GCC_PREPROCESSOR_DEFINITIONS = (
					"DEBUG=1",
					"$(inherited)",
				);
				GCC_WARN_64_TO_32_BIT_CONVERSION = YES;
				GCC_WARN_ABOUT_RETURN_TYPE = YES_ERROR;
				GCC_WARN_UNDECLARED_SELECTOR = YES;
				GCC_WARN_UNINITIALIZED_AUTOS = YES_AGGRESSIVE;
				GCC_WARN_UNUSED_FUNCTION = YES;
				GCC_WARN_UNUSED_VARIABLE = YES;
				IPHONEOS_DEPLOYMENT_TARGET = 14.0;
				MTL_ENABLE_DEBUG_INFO = INCLUDE_SOURCE;
				MTL_FAST_MATH = YES;
				ONLY_ACTIVE_ARCH = YES;
				SDKROOT = iphoneos;
				SWIFT_ACTIVE_COMPILATION_CONDITIONS = DEBUG;
				SWIFT_OPTIMIZATION_LEVEL = "-Onone";
			};
			name = Debug;
		};
		005E11D02937A1EA009ADFEF /* Release */ = {
			isa = XCBuildConfiguration;
			buildSettings = {
				ALWAYS_SEARCH_USER_PATHS = NO;
				CLANG_ANALYZER_NONNULL = YES;
				CLANG_ANALYZER_NUMBER_OBJECT_CONVERSION = YES_AGGRESSIVE;
				CLANG_CXX_LANGUAGE_STANDARD = "gnu++20";
				CLANG_ENABLE_MODULES = YES;
				CLANG_ENABLE_OBJC_ARC = YES;
				CLANG_ENABLE_OBJC_WEAK = YES;
				CLANG_WARN_BLOCK_CAPTURE_AUTORELEASING = YES;
				CLANG_WARN_BOOL_CONVERSION = YES;
				CLANG_WARN_COMMA = YES;
				CLANG_WARN_CONSTANT_CONVERSION = YES;
				CLANG_WARN_DEPRECATED_OBJC_IMPLEMENTATIONS = YES;
				CLANG_WARN_DIRECT_OBJC_ISA_USAGE = YES_ERROR;
				CLANG_WARN_DOCUMENTATION_COMMENTS = YES;
				CLANG_WARN_EMPTY_BODY = YES;
				CLANG_WARN_ENUM_CONVERSION = YES;
				CLANG_WARN_INFINITE_RECURSION = YES;
				CLANG_WARN_INT_CONVERSION = YES;
				CLANG_WARN_NON_LITERAL_NULL_CONVERSION = YES;
				CLANG_WARN_OBJC_IMPLICIT_RETAIN_SELF = YES;
				CLANG_WARN_OBJC_LITERAL_CONVERSION = YES;
				CLANG_WARN_OBJC_ROOT_CLASS = YES_ERROR;
				CLANG_WARN_QUOTED_INCLUDE_IN_FRAMEWORK_HEADER = YES;
				CLANG_WARN_RANGE_LOOP_ANALYSIS = YES;
				CLANG_WARN_STRICT_PROTOTYPES = YES;
				CLANG_WARN_SUSPICIOUS_MOVE = YES;
				CLANG_WARN_UNGUARDED_AVAILABILITY = YES_AGGRESSIVE;
				CLANG_WARN_UNREACHABLE_CODE = YES;
				CLANG_WARN__DUPLICATE_METHOD_MATCH = YES;
				COPY_PHASE_STRIP = NO;
				DEBUG_INFORMATION_FORMAT = "dwarf-with-dsym";
				ENABLE_NS_ASSERTIONS = NO;
				ENABLE_STRICT_OBJC_MSGSEND = YES;
				GCC_C_LANGUAGE_STANDARD = gnu11;
				GCC_NO_COMMON_BLOCKS = YES;
				GCC_WARN_64_TO_32_BIT_CONVERSION = YES;
				GCC_WARN_ABOUT_RETURN_TYPE = YES_ERROR;
				GCC_WARN_UNDECLARED_SELECTOR = YES;
				GCC_WARN_UNINITIALIZED_AUTOS = YES_AGGRESSIVE;
				GCC_WARN_UNUSED_FUNCTION = YES;
				GCC_WARN_UNUSED_VARIABLE = YES;
				IPHONEOS_DEPLOYMENT_TARGET = 14.0;
				MTL_ENABLE_DEBUG_INFO = NO;
				MTL_FAST_MATH = YES;
				SDKROOT = iphoneos;
				SWIFT_COMPILATION_MODE = wholemodule;
				SWIFT_OPTIMIZATION_LEVEL = "-O";
				VALIDATE_PRODUCT = YES;
			};
			name = Release;
		};
		005E11D22937A1EA009ADFEF /* Debug */ = {
			isa = XCBuildConfiguration;
			buildSettings = {
				ASSETCATALOG_COMPILER_APPICON_NAME = AppIcon;
				ASSETCATALOG_COMPILER_GLOBAL_ACCENT_COLOR_NAME = AccentColor;
				CODE_SIGN_STYLE = Automatic;
				CURRENT_PROJECT_VERSION = 1;
				GENERATE_INFOPLIST_FILE = YES;
				INFOPLIST_FILE = Stock/System/Info.plist;
				INFOPLIST_KEY_UIApplicationSupportsIndirectInputEvents = YES;
				INFOPLIST_KEY_UILaunchStoryboardName = LaunchScreen;
				INFOPLIST_KEY_UIMainStoryboardFile = "";
				INFOPLIST_KEY_UISupportedInterfaceOrientations = UIInterfaceOrientationPortrait;
				INFOPLIST_KEY_UISupportedInterfaceOrientations_iPad = "UIInterfaceOrientationLandscapeLeft UIInterfaceOrientationLandscapeRight UIInterfaceOrientationPortrait UIInterfaceOrientationPortraitUpsideDown";
				IPHONEOS_DEPLOYMENT_TARGET = 14.0;
				LD_RUNPATH_SEARCH_PATHS = (
					"$(inherited)",
					"@executable_path/Frameworks",
				);
				MARKETING_VERSION = 1.0;
				PRODUCT_BUNDLE_IDENTIFIER = com.stock.Stock;
				PRODUCT_NAME = "$(TARGET_NAME)";
				SUPPORTED_PLATFORMS = "iphoneos iphonesimulator";
				SUPPORTS_MACCATALYST = NO;
				SUPPORTS_MAC_DESIGNED_FOR_IPHONE_IPAD = NO;
				SWIFT_EMIT_LOC_STRINGS = YES;
				SWIFT_VERSION = 5.0;
				TARGETED_DEVICE_FAMILY = 1;
			};
			name = Debug;
		};
		005E11D32937A1EA009ADFEF /* Release */ = {
			isa = XCBuildConfiguration;
			buildSettings = {
				ASSETCATALOG_COMPILER_APPICON_NAME = AppIcon;
				ASSETCATALOG_COMPILER_GLOBAL_ACCENT_COLOR_NAME = AccentColor;
				CODE_SIGN_STYLE = Automatic;
				CURRENT_PROJECT_VERSION = 1;
				GENERATE_INFOPLIST_FILE = YES;
				INFOPLIST_FILE = Stock/System/Info.plist;
				INFOPLIST_KEY_UIApplicationSupportsIndirectInputEvents = YES;
				INFOPLIST_KEY_UILaunchStoryboardName = LaunchScreen;
				INFOPLIST_KEY_UIMainStoryboardFile = "";
				INFOPLIST_KEY_UISupportedInterfaceOrientations = UIInterfaceOrientationPortrait;
				INFOPLIST_KEY_UISupportedInterfaceOrientations_iPad = "UIInterfaceOrientationLandscapeLeft UIInterfaceOrientationLandscapeRight UIInterfaceOrientationPortrait UIInterfaceOrientationPortraitUpsideDown";
				IPHONEOS_DEPLOYMENT_TARGET = 14.0;
				LD_RUNPATH_SEARCH_PATHS = (
					"$(inherited)",
					"@executable_path/Frameworks",
				);
				MARKETING_VERSION = 1.0;
				PRODUCT_BUNDLE_IDENTIFIER = com.stock.Stock;
				PRODUCT_NAME = "$(TARGET_NAME)";
				SUPPORTED_PLATFORMS = "iphoneos iphonesimulator";
				SUPPORTS_MACCATALYST = NO;
				SUPPORTS_MAC_DESIGNED_FOR_IPHONE_IPAD = NO;
				SWIFT_EMIT_LOC_STRINGS = YES;
				SWIFT_VERSION = 5.0;
				TARGETED_DEVICE_FAMILY = 1;
			};
			name = Release;
		};
/* End XCBuildConfiguration section */

/* Begin XCConfigurationList section */
		005E11B82937A1E8009ADFEF /* Build configuration list for PBXProject "Stock" */ = {
			isa = XCConfigurationList;
			buildConfigurations = (
				005E11CF2937A1EA009ADFEF /* Debug */,
				005E11D02937A1EA009ADFEF /* Release */,
			);
			defaultConfigurationIsVisible = 0;
			defaultConfigurationName = Release;
		};
		005E11D12937A1EA009ADFEF /* Build configuration list for PBXNativeTarget "Stock" */ = {
			isa = XCConfigurationList;
			buildConfigurations = (
				005E11D22937A1EA009ADFEF /* Debug */,
				005E11D32937A1EA009ADFEF /* Release */,
			);
			defaultConfigurationIsVisible = 0;
			defaultConfigurationName = Release;
		};
/* End XCConfigurationList section */
	};
	rootObject = 005E11B52937A1E8009ADFEF /* Project object */;
}
